
Microsoft Visual Studio Solution File, Format Version 12.00
# Visual Studio Version 17
VisualStudioVersion = 17.14.36623.8 d17.14
MinimumVisualStudioVersion = 10.0.40219.1
Project("{FAE04EC0-301F-11D3-BF4B-00C04F79EFBC}") = "congestion-tax-calculator-net-core", "congestion-tax-calculator-net-core.csproj", "{097BE1E7-FB3E-3E05-24B7-7395E1B66462}"
EndProject
Global
	GlobalSection(SolutionConfigurationPlatforms) = preSolution
		Debug|Any CPU = Debug|Any CPU
		Release|Any CPU = Release|Any CPU
	EndGlobalSection
	GlobalSection(ProjectConfigurationPlatforms) = postSolution
		{097BE1E7-FB3E-3E05-24B7-7395E1B66462}.Debug|Any CPU.ActiveCfg = Debug|Any CPU
		{097BE1E7-FB3E-3E05-24B7-7395E1B66462}.Debug|Any CPU.Build.0 = Debug|Any CPU
		{097BE1E7-FB3E-3E05-24B7-7395E1B66462}.Release|Any CPU.ActiveCfg = Release|Any CPU
		{097BE1E7-FB3E-3E05-24B7-7395E1B66462}.Release|Any CPU.Build.0 = Release|Any CPU
	EndGlobalSection
	GlobalSection(SolutionProperties) = preSolution
		HideSolutionNode = FALSE
	EndGlobalSection
	GlobalSection(ExtensibilityGlobals) = postSolution
		SolutionGuid = {454C827E-6561-43BB-B886-227E042458E2}
	EndGlobalSection
EndGlobal
